
Microsoft Visual Studio Solution File, Format Version 12.00
# Visual Studio 2013
VisualStudioVersion = 12.0.21005.1
MinimumVisualStudioVersion = 10.0.40219.1
Project("{FAE04EC0-301F-11D3-BF4B-00C04F79EFBC}") = "MongoSample", "MongoSample\MongoSample.csproj", "{45D4C591-2D05-48E7-8907-87206E7CA442}"
EndProject
Project("{FAE04EC0-301F-11D3-BF4B-00C04F79EFBC}") = "ConsoleApplication1", "ConsoleApplication1\ConsoleApplication1.csproj", "{68E8FB48-4CF4-4C63-9E31-7B80BE57BD36}"
EndProject
Global
	GlobalSection(SolutionConfigurationPlatforms) = preSolution
		Debug|Any CPU = Debug|Any CPU
		Release|Any CPU = Release|Any CPU
	EndGlobalSection
	GlobalSection(ProjectConfigurationPlatforms) = postSolution
		{45D4C591-2D05-48E7-8907-87206E7CA442}.Debug|Any CPU.ActiveCfg = Debug|Any CPU
		{45D4C591-2D05-48E7-8907-87206E7CA442}.Debug|Any CPU.Build.0 = Debug|Any CPU
		{45D4C591-2D05-48E7-8907-87206E7CA442}.Release|Any CPU.ActiveCfg = Release|Any CPU
		{45D4C591-2D05-48E7-8907-87206E7CA442}.Release|Any CPU.Build.0 = Release|Any CPU
		{68E8FB48-4CF4-4C63-9E31-7B80BE57BD36}.Debug|Any CPU.ActiveCfg = Debug|Any CPU
		{68E8FB48-4CF4-4C63-9E31-7B80BE57BD36}.Debug|Any CPU.Build.0 = Debug|Any CPU
		{68E8FB48-4CF4-4C63-9E31-7B80BE57BD36}.Release|Any CPU.ActiveCfg = Release|Any CPU
		{68E8FB48-4CF4-4C63-9E31-7B80BE57BD36}.Release|Any CPU.Build.0 = Release|Any CPU
	EndGlobalSection
	GlobalSection(SolutionProperties) = preSolution
		HideSolutionNode = FALSE
	EndGlobalSection
EndGlobal
